{
  "name": "@sourcemeta/blaze",
  "version": "0.0.1",
  "lockfileVersion": 3,
  "requires": true,
  "packages": {
    "": {
      "name": "@sourcemeta/blaze",
      "version": "0.0.1",
      "devDependencies": {
        "@sourcemeta/jsonschema": "^14.0.3",
        "typescript": "^5.9.3"
      }
    },
    "node_modules/@sourcemeta/jsonschema": {
      "version": "14.0.3",
      "resolved": "https://registry.npmjs.org/@sourcemeta/jsonschema/-/jsonschema-14.0.3.tgz",
      "integrity": "sha512-5hUX6Avayk9Q0ma5k55CM7uxqVxTQZ7gcYrRXDXLBRz4efzr8cpck4zLn/5P1EupiOz3cgTY//alOI1W0LVM1A==",
      "cpu": [
        "x64",
        "arm64"
      ],
      "dev": true,
      "license": "AGPL-3.0",
      "os": [
        "darwin",
        "linux",
        "win32"
      ],
      "bin": {
        "jsonschema": "npm/cli.js"
      },
      "engines": {
        "node": ">=16"
      },
      "funding": {
        "url": "https://github.com/sponsors/sourcemeta"
      }
    },
    "node_modules/typescript": {
      "version": "5.9.3",
      "resolved": "https://registry.npmjs.org/typescript/-/typescript-5.9.3.tgz",
      "integrity": "sha512-jl1vZzPDinLr9eUt3J/t7V6FgNEw9QjvBPdysz9KfQDD41fQrC2Y4vKQdiaUpFT4bXlb1RHhLpp8wtm6M5TgSw==",
      "dev": true,
      "license": "Apache-2.0",
      "bin": {
        "tsc": "bin/tsc",
        "tsserver": "bin/tsserver"
      },
      "engines": {
        "node": ">=14.17"
      }
    }
  }
}
